// !$*UTF8*$!
{
	archiveVersion = 1;
	classes = {
	};
	objectVersion = 46;
	objects = {
		5E618435888B9D49F8540165 = {
			buildActionMask = 2147483647;
			files = (
				);
			isa = PBXShellScriptBuildPhase;
			runOnlyForDeploymentPostprocessing = 0;
			name = "Qt Qmake";
			shellPath = "/bin/sh";
			shellScript = "make -C /Users/yinghuang/development/hy_code/SLAM/TqcSLAM/VisualOdemetry/TqcVisualOdemetry -f qt_makeqmake.mak";
			showEnvVarsInLog = "0";
		};
		DB6B379A33AD88C220D5D5BE = {
			isa = PBXFileReference;
			path = "/Users/yinghuang/development/hy_code/SLAM/TqcSLAM/VisualOdemetry/TqcVisualOdemetry/main.cpp";
			name = "main.cpp";
			sourceTree = "<absolute>";
			lastKnownFileType = "sourcecode.cpp.cpp";
		};
		4C71E02E035CF614305BB876 = {
			fileRef = "DB6B379A33AD88C220D5D5BE";
			isa = PBXBuildFile;
			settings = {
				ATTRIBUTES = (
					);
			};
		};
		21F0AC12464FE0A3E243E1ED = {
			isa = PBXFileReference;
			path = "/Users/yinghuang/development/hy_code/SLAM/TqcSLAM/VisualOdemetry/TqcVisualOdemetry/TqcEncodeDecode.cpp";
			name = "TqcEncodeDecode.cpp";
			sourceTree = "<absolute>";
			lastKnownFileType = "sourcecode.cpp.cpp";
		};
		33C59837A1E2B943286FAB6C = {
			fileRef = "21F0AC12464FE0A3E243E1ED";
			isa = PBXBuildFile;
			settings = {
				ATTRIBUTES = (
					);
			};
		};
		7C78DB2D3FE0DAA97D3CC525 = {
			isa = PBXFileReference;
			path = "/Users/yinghuang/development/hy_code/SLAM/TqcSLAM/VisualOdemetry/TqcVisualOdemetry/TqcCamera.cpp";
			name = "TqcCamera.cpp";
			sourceTree = "<absolute>";
			lastKnownFileType = "sourcecode.cpp.cpp";
		};
		5F29DDB884B9AE4DB6D48317 = {
			fileRef = "7C78DB2D3FE0DAA97D3CC525";
			isa = PBXBuildFile;
			settings = {
				ATTRIBUTES = (
					);
			};
		};
		3F2701A35EB316BA6266FF92 = {
			isa = PBXFileReference;
			path = "/Users/yinghuang/development/hy_code/SLAM/TqcSLAM/VisualOdemetry/TqcVisualOdemetry/TqcBundleAdjust.cpp";
			name = "TqcBundleAdjust.cpp";
			sourceTree = "<absolute>";
			lastKnownFileType = "sourcecode.cpp.cpp";
		};
		20D9D0EBF07CD6FB4A27C6C6 = {
			fileRef = "3F2701A35EB316BA6266FF92";
			isa = PBXBuildFile;
			settings = {
				ATTRIBUTES = (
					);
			};
		};
		7B76846928971ED095278A82 = {
			isa = PBXFileReference;
			path = "/Users/yinghuang/development/hy_code/SLAM/TqcSLAM/VisualOdemetry/TqcVisualOdemetry/Tqc3dViewer.cpp";
			name = "Tqc3dViewer.cpp";
			sourceTree = "<absolute>";
			lastKnownFileType = "sourcecode.cpp.cpp";
		};
		6530A720D3C8E62EB9F4C788 = {
			fileRef = "7B76846928971ED095278A82";
			isa = PBXBuildFile;
			settings = {
				ATTRIBUTES = (
					);
			};
		};
		E34AC0F6081CDDD3754E6D63 = {
			isa = PBXFileReference;
			path = "/Users/yinghuang/development/hy_code/SLAM/TqcSLAM/VisualOdemetry/TqcVisualOdemetry/TqcScene.cpp";
			name = "TqcScene.cpp";
			sourceTree = "<absolute>";
			lastKnownFileType = "sourcecode.cpp.cpp";
		};
		153BF6B46FF5494883F1A862 = {
			fileRef = "E34AC0F6081CDDD3754E6D63";
			isa = PBXBuildFile;
			settings = {
				ATTRIBUTES = (
					);
			};
		};
		D1F93849AA3DC2BFD9A47951 = {
			isa = PBXFileReference;
			path = "/Users/yinghuang/development/hy_code/SLAM/TqcSLAM/VisualOdemetry/TqcVisualOdemetry/VoMainWindow.cpp";
			name = "VoMainWindow.cpp";
			sourceTree = "<absolute>";
			lastKnownFileType = "sourcecode.cpp.cpp";
		};
		4A7A78EC2033B26144D4C30A = {
			fileRef = "D1F93849AA3DC2BFD9A47951";
			isa = PBXBuildFile;
			settings = {
				ATTRIBUTES = (
					);
			};
		};
		E82FCDBC5EB21F75F15813E4 = {
			isa = PBXFileReference;
			path = "/Users/yinghuang/development/hy_code/SLAM/TqcSLAM/VisualOdemetry/TqcVisualOdemetry/OutputDialog.cpp";
			name = "OutputDialog.cpp";
			sourceTree = "<absolute>";
			lastKnownFileType = "sourcecode.cpp.cpp";
		};
		B98D8D70ED2F0E2FFBF20D91 = {
			fileRef = "E82FCDBC5EB21F75F15813E4";
			isa = PBXBuildFile;
			settings = {
				ATTRIBUTES = (
					);
			};
		};
		E2E7EEDF0AF0C52EF47938A2 = {
			isa = PBXFileReference;
			path = "/Users/yinghuang/development/hy_code/SLAM/TqcSLAM/VisualOdemetry/TqcVisualOdemetry/moc_TqcScene.cpp";
			name = "moc_TqcScene.cpp";
			sourceTree = "<absolute>";
			lastKnownFileType = "sourcecode.cpp.cpp";
		};
		F41D965C7D229C2630E47A42 = {
			fileRef = "E2E7EEDF0AF0C52EF47938A2";
			isa = PBXBuildFile;
			settings = {
				ATTRIBUTES = (
					);
			};
		};
		8DE4E71C449D02EA7FEB7383 = {
			isa = PBXFileReference;
			path = "/Users/yinghuang/development/hy_code/SLAM/TqcSLAM/VisualOdemetry/TqcVisualOdemetry/moc_VoMainWindow.cpp";
			name = "moc_VoMainWindow.cpp";
			sourceTree = "<absolute>";
			lastKnownFileType = "sourcecode.cpp.cpp";
		};
		C57A3508FF5D3C8F9FE1128E = {
			fileRef = "8DE4E71C449D02EA7FEB7383";
			isa = PBXBuildFile;
			settings = {
				ATTRIBUTES = (
					);
			};
		};
		C287E03DF34CBEFA13DCDCBF = {
			isa = PBXFileReference;
			path = "/Users/yinghuang/development/hy_code/SLAM/TqcSLAM/VisualOdemetry/TqcVisualOdemetry/moc_OutputDialog.cpp";
			name = "moc_OutputDialog.cpp";
			sourceTree = "<absolute>";
			lastKnownFileType = "sourcecode.cpp.cpp";
		};
		CED4CB6F214B8C4C1B4BE715 = {
			fileRef = "C287E03DF34CBEFA13DCDCBF";
			isa = PBXBuildFile;
			settings = {
				ATTRIBUTES = (
					);
			};
		};
		62E93A56E4A84DEA8FDB6466 = {
			isa = PBXFileReference;
			path = "/Users/yinghuang/development/hy_code/SLAM/TqcSLAM/VisualOdemetry/TqcVisualOdemetry/ui_vomainwindow.h";
			name = "ui_vomainwindow.h";
			sourceTree = "<absolute>";
			lastKnownFileType = "sourcecode.c.h";
		};
		07B93B32B26B66B9A8762BE6 = {
			isa = PBXFileReference;
			path = "/Users/yinghuang/development/hy_code/SLAM/TqcSLAM/VisualOdemetry/TqcVisualOdemetry/ui_OutputDialog.h";
			name = "ui_OutputDialog.h";
			sourceTree = "<absolute>";
			lastKnownFileType = "sourcecode.c.h";
		};
		230080827FA0EDCFE0EAA546 = {
			isa = PBXFileReference;
			path = "/Users/yinghuang/development/hy_code/SLAM/TqcSLAM/VisualOdemetry/TqcVisualOdemetry/TqcEncodeDecode.h";
			name = "TqcEncodeDecode.h";
			sourceTree = "<absolute>";
			lastKnownFileType = "sourcecode.c.h";
		};
		3A3409C77D36D1F739E8654D = {
			isa = PBXFileReference;
			path = "/Users/yinghuang/development/hy_code/SLAM/TqcSLAM/VisualOdemetry/TqcVisualOdemetry/TqcCamera.h";
			name = "TqcCamera.h";
			sourceTree = "<absolute>";
			lastKnownFileType = "sourcecode.c.h";
		};
		E151BC61E9AD6C875D26D6F2 = {
			isa = PBXFileReference;
			path = "/Users/yinghuang/development/hy_code/SLAM/TqcSLAM/VisualOdemetry/TqcVisualOdemetry/TqcBundleAdjust.h";
			name = "TqcBundleAdjust.h";
			sourceTree = "<absolute>";
			lastKnownFileType = "sourcecode.c.h";
		};
		80F1007EA95A3753460F9A92 = {
			isa = PBXFileReference;
			path = "/Users/yinghuang/development/hy_code/SLAM/TqcSLAM/VisualOdemetry/TqcVisualOdemetry/Tqc3dViewer.h";
			name = "Tqc3dViewer.h";
			sourceTree = "<absolute>";
			lastKnownFileType = "sourcecode.c.h";
		};
		B50F57C0066CE981C05EB519 = {
			isa = PBXFileReference;
			path = "/Users/yinghuang/development/hy_code/SLAM/TqcSLAM/VisualOdemetry/TqcVisualOdemetry/TqcScene.h";
			name = "TqcScene.h";
			sourceTree = "<absolute>";
			lastKnownFileType = "sourcecode.c.h";
		};
		5DCF61E318D6918A6FA13272 = {
			isa = PBXFileReference;
			path = "/Users/yinghuang/development/hy_code/SLAM/TqcSLAM/VisualOdemetry/TqcVisualOdemetry/VoMainWindow.h";
			name = "VoMainWindow.h";
			sourceTree = "<absolute>";
			lastKnownFileType = "sourcecode.c.h";
		};
		956CE1D765D06615DEF51DDB = {
			isa = PBXFileReference;
			path = "/Users/yinghuang/development/hy_code/SLAM/TqcSLAM/VisualOdemetry/TqcVisualOdemetry/OutputDialog.h";
			name = "OutputDialog.h";
			sourceTree = "<absolute>";
			lastKnownFileType = "sourcecode.c.h";
		};
		A0D684F869E8659A8B9645BA = {
			isa = PBXFileReference;
			path = "/Users/yinghuang/development/hy_code/SLAM/TqcSLAM/VisualOdemetry/TqcVisualOdemetry/TqcVisualOdemetry.pro";
			name = "TqcVisualOdemetry.pro";
			sourceTree = "<absolute>";
			lastKnownFileType = "text";
		};
		2B18AC9E5262C1EBB875850D = {
			isa = PBXFileReference;
			path = "/Users/yinghuang/development/hy_code/SLAM/TqcSLAM/VisualOdemetry/TqcVisualOdemetry/.qmake.stash";
			name = ".qmake.stash";
			sourceTree = "<absolute>";
		};
		3538F64ABD8CFA563C887AD3 = {
			isa = PBXFileReference;
			path = "/Users/yinghuang/development/hy_code/SLAM/TqcSLAM/VisualOdemetry/TqcVisualOdemetry/vomainwindow.ui";
			name = "vomainwindow.ui";
			sourceTree = "<absolute>";
		};
		4CD075ECB23C24CB7B6D27DC = {
			fileRef = "3538F64ABD8CFA563C887AD3";
			isa = PBXBuildFile;
			settings = {
				ATTRIBUTES = (
					);
			};
		};
		ECAD76B97E412EF02EE2B4F2 = {
			isa = PBXFileReference;
			path = "/Users/yinghuang/development/hy_code/SLAM/TqcSLAM/VisualOdemetry/TqcVisualOdemetry/OutputDialog.ui";
			name = "OutputDialog.ui";
			sourceTree = "<absolute>";
		};
		57BFD0A5E0E3E759686EA2CC = {
			fileRef = "ECAD76B97E412EF02EE2B4F2";
			isa = PBXBuildFile;
			settings = {
				ATTRIBUTES = (
					);
			};
		};
		25B08E2869634E9BCBA333A2 = {
			isa = PBXGroup;
			children = (
				"E2E7EEDF0AF0C52EF47938A2",
				"8DE4E71C449D02EA7FEB7383",
				"C287E03DF34CBEFA13DCDCBF",
				"62E93A56E4A84DEA8FDB6466",
				"07B93B32B26B66B9A8762BE6");
			name = "Generated Sources";
			sourceTree = "<group>";
		};
		2EB56BE3C2D93CDAB0C52E67 = {
			isa = PBXGroup;
			children = (
				"DB6B379A33AD88C220D5D5BE",
				"21F0AC12464FE0A3E243E1ED",
				"7C78DB2D3FE0DAA97D3CC525",
				"3F2701A35EB316BA6266FF92",
				"7B76846928971ED095278A82",
				"E34AC0F6081CDDD3754E6D63",
				"D1F93849AA3DC2BFD9A47951",
				"E82FCDBC5EB21F75F15813E4",
				"230080827FA0EDCFE0EAA546",
				"3A3409C77D36D1F739E8654D",
				"E151BC61E9AD6C875D26D6F2",
				"80F1007EA95A3753460F9A92",
				"B50F57C0066CE981C05EB519",
				"5DCF61E318D6918A6FA13272",
				"956CE1D765D06615DEF51DDB");
			name = "Sources";
			sourceTree = "<group>";
		};
		12E908B8A1C3C07C115504F5 = {
			isa = PBXGroup;
			children = (
				"3538F64ABD8CFA563C887AD3",
				"ECAD76B97E412EF02EE2B4F2");
			name = "Sources [uic]";
			sourceTree = "<group>";
		};
		74B182DB50CB5611B5C1C297 = {
			isa = PBXGroup;
			children = (
				"A0D684F869E8659A8B9645BA",
				"2B18AC9E5262C1EBB875850D");
			name = "Supporting Files";
			sourceTree = "<group>";
		};
		7EF0942E79C014DCEC8976BC = {
			buildActionMask = 2147483647;
			files = (
				);
			isa = PBXShellScriptBuildPhase;
			runOnlyForDeploymentPostprocessing = 0;
			name = "Qt Preprocessors";
			shellPath = "/bin/sh";
			shellScript = "make -C /Users/yinghuang/development/hy_code/SLAM/TqcSLAM/VisualOdemetry/TqcVisualOdemetry -f qt_preprocess.mak";
			showEnvVarsInLog = "0";
		};
		F7E50F631C51CD5B5DC0BC43 = {
			buildActionMask = 2147483647;
			files = (
				"4C71E02E035CF614305BB876",
				"33C59837A1E2B943286FAB6C",
				"5F29DDB884B9AE4DB6D48317",
				"20D9D0EBF07CD6FB4A27C6C6",
				"6530A720D3C8E62EB9F4C788",
				"153BF6B46FF5494883F1A862",
				"4A7A78EC2033B26144D4C30A",
				"B98D8D70ED2F0E2FFBF20D91",
				"F41D965C7D229C2630E47A42",
				"C57A3508FF5D3C8F9FE1128E",
				"CED4CB6F214B8C4C1B4BE715");
			isa = PBXSourcesBuildPhase;
			runOnlyForDeploymentPostprocessing = 0;
			name = "Compile Sources";
		};
		20CD8DC58640914DFBA73AEF = {
			isa = PBXFileReference;
			name = "opencv_core";
			path = "/usr/local/lib/libopencv_core.dylib";
			refType = 0;
			sourceTree = "<absolute>";
		};
		48A078370DAF7CADDB64D54D = {
			fileRef = "20CD8DC58640914DFBA73AEF";
			isa = PBXBuildFile;
			settings = {
			};
		};
		6C6CAEC0EA81CAAFFD89AC2C = {
			isa = PBXFileReference;
			name = "opencv_videostab";
			path = "/usr/local/lib/libopencv_videostab.dylib";
			refType = 0;
			sourceTree = "<absolute>";
		};
		F0A9F27ED2CEED3241A0F29B = {
			fileRef = "6C6CAEC0EA81CAAFFD89AC2C";
			isa = PBXBuildFile;
			settings = {
			};
		};
		AEBD8FC60A11DC456B0BD274 = {
			isa = PBXFileReference;
			name = "opencv_video";
			path = "/usr/local/lib/libopencv_video.dylib";
			refType = 0;
			sourceTree = "<absolute>";
		};
		0C6B141319017E3905870955 = {
			fileRef = "AEBD8FC60A11DC456B0BD274";
			isa = PBXBuildFile;
			settings = {
			};
		};
		CB101DF2FEB93B0B46094067 = {
			isa = PBXFileReference;
			name = "opencv_videoio";
			path = "/usr/local/lib/libopencv_videoio.dylib";
			refType = 0;
			sourceTree = "<absolute>";
		};
		4B7C21B1359ADB5FD72B4438 = {
			fileRef = "CB101DF2FEB93B0B46094067";
			isa = PBXBuildFile;
			settings = {
			};
		};
		6891B5C96A235F1ED5A2C417 = {
			isa = PBXFileReference;
			name = "opencv_viz";
			path = "/usr/local/lib/libopencv_viz.dylib";
			refType = 0;
			sourceTree = "<absolute>";
		};
		2D07EBEAF811DBF3CEB655A7 = {
			fileRef = "6891B5C96A235F1ED5A2C417";
			isa = PBXBuildFile;
			settings = {
			};
		};
		53B7633754FC46FEDD8F11FD = {
			isa = PBXFileReference;
			name = "opencv_superres";
			path = "/usr/local/lib/libopencv_superres.dylib";
			refType = 0;
			sourceTree = "<absolute>";
		};
		E0D539182A78F28676F4F114 = {
			fileRef = "53B7633754FC46FEDD8F11FD";
			isa = PBXBuildFile;
			settings = {
			};
		};
		33964D2A20573D76DAE50939 = {
			isa = PBXFileReference;
			name = "opencv_stitching";
			path = "/usr/local/lib/libopencv_stitching.dylib";
			refType = 0;
			sourceTree = "<absolute>";
		};
		049A8E5BB72C61A6D5F9186A = {
			fileRef = "33964D2A20573D76DAE50939";
			isa = PBXBuildFile;
			settings = {
			};
		};
		8AAAACFDB252ABED09161A09 = {
			isa = PBXFileReference;
			name = "opencv_shape";
			path = "/usr/local/lib/libopencv_shape.dylib";
			refType = 0;
			sourceTree = "<absolute>";
		};
		53816C40D2310847397AC29B = {
			fileRef = "8AAAACFDB252ABED09161A09";
			isa = PBXBuildFile;
			settings = {
			};
		};
		105F983FADB21488C39E44F7 = {
			isa = PBXFileReference;
			name = "opencv_photo";
			path = "/usr/local/lib/libopencv_photo.dylib";
			refType = 0;
			sourceTree = "<absolute>";
		};
		B2288A2D34DDB0B2B89AF591 = {
			fileRef = "105F983FADB21488C39E44F7";
			isa = PBXBuildFile;
			settings = {
			};
		};
		66983C54BB147F4B81B6A6EF = {
			isa = PBXFileReference;
			name = "opencv_objdetect";
			path = "/usr/local/lib/libopencv_objdetect.dylib";
			refType = 0;
			sourceTree = "<absolute>";
		};
		1E2F8DEFA8C39EC98FFE3A67 = {
			fileRef = "66983C54BB147F4B81B6A6EF";
			isa = PBXBuildFile;
			settings = {
			};
		};
		9B9ED679BC1CBCB001E80921 = {
			isa = PBXFileReference;
			name = "opencv_calib3d";
			path = "/usr/local/lib/libopencv_calib3d.dylib";
			refType = 0;
			sourceTree = "<absolute>";
		};
		0365F78C4443395CA6BDBEF4 = {
			fileRef = "9B9ED679BC1CBCB001E80921";
			isa = PBXBuildFile;
			settings = {
			};
		};
		DF3A8C5D27EFCF32558EE75A = {
			isa = PBXFileReference;
			name = "opencv_ml";
			path = "/usr/local/lib/libopencv_ml.dylib";
			refType = 0;
			sourceTree = "<absolute>";
		};
		6E84C985B1785517221216A5 = {
			fileRef = "DF3A8C5D27EFCF32558EE75A";
			isa = PBXBuildFile;
			settings = {
			};
		};
		56537984D5553E0283ECDF43 = {
			isa = PBXFileReference;
			name = "opencv_highgui";
			path = "/usr/local/lib/libopencv_highgui.dylib";
			refType = 0;
			sourceTree = "<absolute>";
		};
		9232DA0D7D1814017437A363 = {
			fileRef = "56537984D5553E0283ECDF43";
			isa = PBXBuildFile;
			settings = {
			};
		};
		8F3220AC8D4D6E10B9C71087 = {
			isa = PBXFileReference;
			name = "opencv_imgcodecs";
			path = "/usr/local/lib/libopencv_imgcodecs.dylib";
			refType = 0;
			sourceTree = "<absolute>";
		};
		5131C1459B4549772CF10504 = {
			fileRef = "8F3220AC8D4D6E10B9C71087";
			isa = PBXBuildFile;
			settings = {
			};
		};
		D7F5BD1A361E16E138DC178E = {
			isa = PBXFileReference;
			name = "opencv_flann";
			path = "/usr/local/lib/libopencv_flann.dylib";
			refType = 0;
			sourceTree = "<absolute>";
		};
		61F667D3AF55DBF060380CE9 = {
			fileRef = "D7F5BD1A361E16E138DC178E";
			isa = PBXBuildFile;
			settings = {
			};
		};
		0A35011D482E6D9089E763E8 = {
			isa = PBXFileReference;
			name = "opencv_imgproc";
			path = "/usr/local/lib/libopencv_imgproc.dylib";
			refType = 0;
			sourceTree = "<absolute>";
		};
		27EB3E5BEB306CBF0B6EFA70 = {
			fileRef = "0A35011D482E6D9089E763E8";
			isa = PBXBuildFile;
			settings = {
			};
		};
		87A059234557546133E4567E = {
			isa = PBXFileReference;
			name = "opencv_features2d";
			path = "/usr/local/lib/libopencv_features2d.dylib";
			refType = 0;
			sourceTree = "<absolute>";
		};
		84F1796C590FAEBC2BAADD0F = {
			fileRef = "87A059234557546133E4567E";
			isa = PBXBuildFile;
			settings = {
			};
		};
		FC66008D576F98253E1AACEA = {
			isa = PBXFileReference;
			name = "QGLViewer";
			path = "/Users/yinghuang/Qt/Examples/QGLView/libQGLViewer-2.6.4/QGLViewer/build/Debug/QGLViewer.framework/Versions/A/QGLViewer";
			refType = 0;
			sourceTree = "<absolute>";
		};
		91C8ADAE6D2147D70C91278A = {
			fileRef = "FC66008D576F98253E1AACEA";
			isa = PBXBuildFile;
			settings = {
			};
		};
		28711FF48239C7D64953A963 = {
			isa = PBXFileReference;
			name = "g2o_core_d";
			path = "/Users/yinghuang/development/hy_code/SLAM/g2o_ba_example/g2o-master/lib/Debug/libg2o_core_d.dylib";
			refType = 0;
			sourceTree = "<absolute>";
		};
		19928BA7B17D949AE2CC20E1 = {
			fileRef = "28711FF48239C7D64953A963";
			isa = PBXBuildFile;
			settings = {
			};
		};
		40E1E6B715E939F4BEA03866 = {
			isa = PBXFileReference;
			name = "g2o_types_slam3d_d";
			path = "/Users/yinghuang/development/hy_code/SLAM/g2o_ba_example/g2o-master/lib/Debug/libg2o_types_slam3d_d.dylib";
			refType = 0;
			sourceTree = "<absolute>";
		};
		7EE1DB772F69B1F6B7D09051 = {
			fileRef = "40E1E6B715E939F4BEA03866";
			isa = PBXBuildFile;
			settings = {
			};
		};
		7E18FF978B33E171D0CC5B19 = {
			isa = PBXFileReference;
			name = "g2o_solver_csparse_d";
			path = "/Users/yinghuang/development/hy_code/SLAM/g2o_ba_example/g2o-master/lib/Debug/libg2o_solver_csparse_d.dylib";
			refType = 0;
			sourceTree = "<absolute>";
		};
		C1A8D34F9D799173C1A5FF03 = {
			fileRef = "7E18FF978B33E171D0CC5B19";
			isa = PBXBuildFile;
			settings = {
			};
		};
		FA1AA07CF24B6900EDD54332 = {
			isa = PBXFileReference;
			name = "g2o_stuff_d";
			path = "/Users/yinghuang/development/hy_code/SLAM/g2o_ba_example/g2o-master/lib/Debug/libg2o_stuff_d.dylib";
			refType = 0;
			sourceTree = "<absolute>";
		};
		CEEDA1EC0CE25F1C248DB3B2 = {
			fileRef = "FA1AA07CF24B6900EDD54332";
			isa = PBXBuildFile;
			settings = {
			};
		};
		8F0E3D9BE977D41D20422FDC = {
			isa = PBXFileReference;
			name = "g2o_csparse_extension_d";
			path = "/Users/yinghuang/development/hy_code/SLAM/g2o_ba_example/g2o-master/lib/Debug/libg2o_csparse_extension_d.dylib";
			refType = 0;
			sourceTree = "<absolute>";
		};
		171DAEB8EA2ADC2A40081AF2 = {
			fileRef = "8F0E3D9BE977D41D20422FDC";
			isa = PBXBuildFile;
			settings = {
			};
		};
		EDE61DAC3610E8BA9DD349FD = {
			isa = PBXFileReference;
			name = "g2o_types_sba_d";
			path = "/Users/yinghuang/development/hy_code/SLAM/g2o_ba_example/g2o-master/lib/Debug/libg2o_types_sba_d.dylib";
			refType = 0;
			sourceTree = "<absolute>";
		};
		762A1E67C48125330EC4BD53 = {
			fileRef = "EDE61DAC3610E8BA9DD349FD";
			isa = PBXBuildFile;
			settings = {
			};
		};
		009510C121BC7D1118104CB2 = {
			isa = PBXFileReference;
			name = "cholmod";
			path = "/Users/yinghuang/development/hy_code/SLAM/g2o_ba_example/SuiteSparse/lib/libcholmod.dylib";
			refType = 0;
			sourceTree = "<absolute>";
		};
		BA358861F74E287B54E0E712 = {
			fileRef = "009510C121BC7D1118104CB2";
			isa = PBXBuildFile;
			settings = {
			};
		};
		EE90BAEF6760BF970DD6766C = {
			isa = PBXFileReference;
			name = "avcodec";
			path = "/usr/local/lib/libavcodec.dylib";
			refType = 0;
			sourceTree = "<absolute>";
		};
		617991209BF0FC78D1D2408E = {
			fileRef = "EE90BAEF6760BF970DD6766C";
			isa = PBXBuildFile;
			settings = {
			};
		};
		E388715271573D8A5E3E5DAE = {
			isa = PBXFileReference;
			name = "x264";
			path = "/usr/local/lib/libx264.dylib";
			refType = 0;
			sourceTree = "<absolute>";
		};
		F1E8CBB01213238820F976AD = {
			fileRef = "E388715271573D8A5E3E5DAE";
			isa = PBXBuildFile;
			settings = {
			};
		};
		0F9416C798FEF86B99A23EB9 = {
			isa = PBXFileReference;
			name = "mp3lame";
			path = "/usr/local/lib/libmp3lame.dylib";
			refType = 0;
			sourceTree = "<absolute>";
		};
		17266B66F00FA2761D3475A5 = {
			fileRef = "0F9416C798FEF86B99A23EB9";
			isa = PBXBuildFile;
			settings = {
			};
		};
		FDCD14145649D527E134E3AC = {
			isa = PBXFileReference;
			name = "avformat";
			path = "/usr/local/lib/libavformat.dylib";
			refType = 0;
			sourceTree = "<absolute>";
		};
		6BFD2394A8B45165461A17C6 = {
			fileRef = "FDCD14145649D527E134E3AC";
			isa = PBXBuildFile;
			settings = {
			};
		};
		FDB3E92CAC3547FB7981B747 = {
			isa = PBXFileReference;
			name = "avdevice";
			path = "/usr/local/lib/libavdevice.dylib";
			refType = 0;
			sourceTree = "<absolute>";
		};
		3E93F27E01BB20C5B2BE8C86 = {
			fileRef = "FDB3E92CAC3547FB7981B747";
			isa = PBXBuildFile;
			settings = {
			};
		};
		0EDCC72E08A60C6521FEC389 = {
			isa = PBXFileReference;
			name = "avfilter";
			path = "/usr/local/lib/libavfilter.dylib";
			refType = 0;
			sourceTree = "<absolute>";
		};
		B6611D04BFADABD1C9008863 = {
			fileRef = "0EDCC72E08A60C6521FEC389";
			isa = PBXBuildFile;
			settings = {
			};
		};
		DC4F6ED42B7AA87D882CB6FD = {
			isa = PBXFileReference;
			name = "avutil";
			path = "/usr/local/lib/libavutil.dylib";
			refType = 0;
			sourceTree = "<absolute>";
		};
		ED29F3FC3F480022A5F65363 = {
			fileRef = "DC4F6ED42B7AA87D882CB6FD";
			isa = PBXBuildFile;
			settings = {
			};
		};
		C844984803BA701C9F6BF7E9 = {
			isa = PBXFileReference;
			name = "swscale";
			path = "/usr/local/lib/libswscale.dylib";
			refType = 0;
			sourceTree = "<absolute>";
		};
		7C8A4AC0B4D3A1EF182A68CE = {
			fileRef = "C844984803BA701C9F6BF7E9";
			isa = PBXBuildFile;
			settings = {
			};
		};
		EE3EA9D46073D75EB87AE756 = {
			isa = PBXFileReference;
			name = "QtOpenGL.framework";
			path = "/Users/yinghuang/Qt/5.7/clang_64/lib/QtOpenGL.framework";
			refType = 0;
			sourceTree = "<absolute>";
			lastKnownFileType = "wrapper.framework";
		};
		9079CD915EAAEEAEB5E429EA = {
			fileRef = "EE3EA9D46073D75EB87AE756";
			isa = PBXBuildFile;
			settings = {
			};
		};
		81BAD8C3EA9A59F5ABF85CC9 = {
			isa = PBXFileReference;
			name = "QtWidgets.framework";
			path = "/Users/yinghuang/Qt/5.7/clang_64/lib/QtWidgets.framework";
			refType = 0;
			sourceTree = "<absolute>";
			lastKnownFileType = "wrapper.framework";
		};
		2A00F922A9934E49D93B2EB9 = {
			fileRef = "81BAD8C3EA9A59F5ABF85CC9";
			isa = PBXBuildFile;
			settings = {
			};
		};
		D43C8FA6127C8C18F2FB343D = {
			isa = PBXFileReference;
			name = "QtGui.framework";
			path = "/Users/yinghuang/Qt/5.7/clang_64/lib/QtGui.framework";
			refType = 0;
			sourceTree = "<absolute>";
			lastKnownFileType = "wrapper.framework";
		};
		87C9454F875E8724E32C31F8 = {
			fileRef = "D43C8FA6127C8C18F2FB343D";
			isa = PBXBuildFile;
			settings = {
			};
		};
		C980F569B736BB10FDBE25E8 = {
			isa = PBXFileReference;
			name = "QtCore.framework";
			path = "/Users/yinghuang/Qt/5.7/clang_64/lib/QtCore.framework";
			refType = 0;
			sourceTree = "<absolute>";
			lastKnownFileType = "wrapper.framework";
		};
		1482AF7A01D6F79DB755416A = {
			fileRef = "C980F569B736BB10FDBE25E8";
			isa = PBXBuildFile;
			settings = {
			};
		};
		2B774D8E4178765CE52EAAF5 = {
			isa = PBXFileReference;
			name = "DiskArbitration.framework";
			path = "/System/Library/Frameworks/DiskArbitration.framework";
			refType = 0;
			sourceTree = "<absolute>";
			lastKnownFileType = "wrapper.framework";
		};
		A99B2AA0F9CBBDD12BA126A4 = {
			fileRef = "2B774D8E4178765CE52EAAF5";
			isa = PBXBuildFile;
			settings = {
			};
		};
		A1A67BEAA744704B29168D39 = {
			isa = PBXFileReference;
			name = "IOKit.framework";
			path = "/System/Library/Frameworks/IOKit.framework";
			refType = 0;
			sourceTree = "<absolute>";
			lastKnownFileType = "wrapper.framework";
		};
		8D267F2E4776F0ECA2F49DC8 = {
			fileRef = "A1A67BEAA744704B29168D39";
			isa = PBXBuildFile;
			settings = {
			};
		};
		109CC4182E31C3B3C7F515E2 = {
			isa = PBXFileReference;
			name = "QtXml.framework";
			path = "/Users/yinghuang/Qt/5.7/clang_64/lib/QtXml.framework";
			refType = 0;
			sourceTree = "<absolute>";
			lastKnownFileType = "wrapper.framework";
		};
		D52505CE155F2990643CDDA8 = {
			fileRef = "109CC4182E31C3B3C7F515E2";
			isa = PBXBuildFile;
			settings = {
			};
		};
		D4B32C2222F82AC56BADEB21 = {
			isa = PBXFileReference;
			name = "OpenGL.framework";
			path = "/System/Library/Frameworks/OpenGL.framework";
			refType = 0;
			sourceTree = "<absolute>";
			lastKnownFileType = "wrapper.framework";
		};
		8771A8C96E9C391044035D99 = {
			fileRef = "D4B32C2222F82AC56BADEB21";
			isa = PBXBuildFile;
			settings = {
			};
		};
		8D9815BDB5BD9F90D2BC05C5 = {
			isa = PBXFileReference;
			name = "AGL.framework";
			path = "/System/Library/Frameworks/AGL.framework";
			refType = 0;
			sourceTree = "<absolute>";
			lastKnownFileType = "wrapper.framework";
		};
		E45E51A644D5FC9F942ECE55 = {
			fileRef = "8D9815BDB5BD9F90D2BC05C5";
			isa = PBXBuildFile;
			settings = {
			};
		};
		AF39DD055C3EF8226FBE929D = {
			children = (
				"20CD8DC58640914DFBA73AEF",
				"6C6CAEC0EA81CAAFFD89AC2C",
				"AEBD8FC60A11DC456B0BD274",
				"CB101DF2FEB93B0B46094067",
				"6891B5C96A235F1ED5A2C417",
				"53B7633754FC46FEDD8F11FD",
				"33964D2A20573D76DAE50939",
				"8AAAACFDB252ABED09161A09",
				"105F983FADB21488C39E44F7",
				"66983C54BB147F4B81B6A6EF",
				"9B9ED679BC1CBCB001E80921",
				"DF3A8C5D27EFCF32558EE75A",
				"56537984D5553E0283ECDF43",
				"8F3220AC8D4D6E10B9C71087",
				"D7F5BD1A361E16E138DC178E",
				"0A35011D482E6D9089E763E8",
				"87A059234557546133E4567E",
				"FC66008D576F98253E1AACEA",
				"28711FF48239C7D64953A963",
				"40E1E6B715E939F4BEA03866",
				"7E18FF978B33E171D0CC5B19",
				"FA1AA07CF24B6900EDD54332",
				"8F0E3D9BE977D41D20422FDC",
				"EDE61DAC3610E8BA9DD349FD",
				"009510C121BC7D1118104CB2",
				"EE90BAEF6760BF970DD6766C",
				"E388715271573D8A5E3E5DAE",
				"0F9416C798FEF86B99A23EB9",
				"FDCD14145649D527E134E3AC",
				"FDB3E92CAC3547FB7981B747",
				"0EDCC72E08A60C6521FEC389",
				"DC4F6ED42B7AA87D882CB6FD",
				"C844984803BA701C9F6BF7E9",
				"EE3EA9D46073D75EB87AE756",
				"81BAD8C3EA9A59F5ABF85CC9",
				"D43C8FA6127C8C18F2FB343D",
				"C980F569B736BB10FDBE25E8",
				"2B774D8E4178765CE52EAAF5",
				"A1A67BEAA744704B29168D39",
				"109CC4182E31C3B3C7F515E2",
				"D4B32C2222F82AC56BADEB21",
				"8D9815BDB5BD9F90D2BC05C5");
			isa = PBXGroup;
			name = "Frameworks";
			sourceTree = "<group>";
		};
		D1C883685E82D5676953459A = {
			buildActionMask = 2147483647;
			files = (
				"48A078370DAF7CADDB64D54D",
				"F0A9F27ED2CEED3241A0F29B",
				"0C6B141319017E3905870955",
				"4B7C21B1359ADB5FD72B4438",
				"2D07EBEAF811DBF3CEB655A7",
				"E0D539182A78F28676F4F114",
				"049A8E5BB72C61A6D5F9186A",
				"53816C40D2310847397AC29B",
				"B2288A2D34DDB0B2B89AF591",
				"1E2F8DEFA8C39EC98FFE3A67",
				"0365F78C4443395CA6BDBEF4",
				"6E84C985B1785517221216A5",
				"9232DA0D7D1814017437A363",
				"5131C1459B4549772CF10504",
				"61F667D3AF55DBF060380CE9",
				"27EB3E5BEB306CBF0B6EFA70",
				"84F1796C590FAEBC2BAADD0F",
				"91C8ADAE6D2147D70C91278A",
				"19928BA7B17D949AE2CC20E1",
				"7EE1DB772F69B1F6B7D09051",
				"C1A8D34F9D799173C1A5FF03",
				"CEEDA1EC0CE25F1C248DB3B2",
				"171DAEB8EA2ADC2A40081AF2",
				"762A1E67C48125330EC4BD53",
				"BA358861F74E287B54E0E712",
				"617991209BF0FC78D1D2408E",
				"F1E8CBB01213238820F976AD",
				"17266B66F00FA2761D3475A5",
				"6BFD2394A8B45165461A17C6",
				"3E93F27E01BB20C5B2BE8C86",
				"B6611D04BFADABD1C9008863",
				"ED29F3FC3F480022A5F65363",
				"7C8A4AC0B4D3A1EF182A68CE",
				"9079CD915EAAEEAEB5E429EA",
				"2A00F922A9934E49D93B2EB9",
				"87C9454F875E8724E32C31F8",
				"1482AF7A01D6F79DB755416A",
				"A99B2AA0F9CBBDD12BA126A4",
				"8D267F2E4776F0ECA2F49DC8",
				"D52505CE155F2990643CDDA8",
				"8771A8C96E9C391044035D99",
				"E45E51A644D5FC9F942ECE55");
			isa = PBXFrameworksBuildPhase;
			runOnlyForDeploymentPostprocessing = 0;
			name = "Link Binary With Libraries";
		};
		30414803F31797EB689AE508 = {
			buildActionMask = 2147483647;
			files = (
				);
			isa = PBXResourcesBuildPhase;
			runOnlyForDeploymentPostprocessing = 0;
			name = "Copy Bundle Resources";
		};
		68BDAECD9CE932AEF0465D26 = {
			isa = PBXFileReference;
			includeInIndex = 0;
			explicitFileType = "wrapper.application";
			path = "TqcVisualOdemetry.app";
			sourceTree = BUILT_PRODUCTS_DIR;
		};
		FE0A091FDBFB3E9C31B7A1BD = {
			children = (
				"68BDAECD9CE932AEF0465D26");
			isa = PBXGroup;
			name = "Products";
			sourceTree = "<group>";
		};
		E8C543AB96796ECAA2E65C57 = {
			children = (
				"2EB56BE3C2D93CDAB0C52E67",
				"25B08E2869634E9BCBA333A2",
				"74B182DB50CB5611B5C1C297",
				"12E908B8A1C3C07C115504F5",
				"AF39DD055C3EF8226FBE929D",
				"FE0A091FDBFB3E9C31B7A1BD");
			isa = PBXGroup;
			name = "TqcVisualOdemetry";
			sourceTree = "<group>";
		};
		76A62651F9AE8640EA53E078 = {
			buildPhases = (
				"5E618435888B9D49F8540165",
				"7EF0942E79C014DCEC8976BC");
			dependencies = (
				);
			buildConfigurationList = 6CC3B5D2136C7CD6A5CF5A59;
			isa = PBXAggregateTarget;
			buildRules = (
);
			productName = "Qt Preprocess";
			name = "Qt Preprocess";
		};
		62752D7428094355A0208555 = {
			isa = PBXTargetDependency;
			target = "76A62651F9AE8640EA53E078";
		};
		C0BB8C2EC5720476A59F8FC8 = {
			buildPhases = (
				"F7E50F631C51CD5B5DC0BC43",
				"D1C883685E82D5676953459A",
				"30414803F31797EB689AE508");
			dependencies = (
				"62752D7428094355A0208555");
			productReference = "68BDAECD9CE932AEF0465D26";
			buildConfigurationList = 6CC3B5D2136C7CD6A5CF5A59;
			isa = PBXNativeTarget;
			buildRules = (
);
			productType = "com.apple.product-type.application";
			name = "TqcVisualOdemetry";
			productName = "TqcVisualOdemetry";
		};
		3AA6C32AC930069E80220CF1 = {
			isa = XCBuildConfiguration;
			buildSettings = {
				COPY_PHASE_STRIP = "NO";
				ENABLE_BITCODE = "NO";
				GCC_GENERATE_DEBUGGING_SYMBOLS = "YES";
				GCC_OPTIMIZATION_LEVEL = "0";
				PRODUCT_NAME = "TqcVisualOdemetry";
				QT_LIBRARY_SUFFIX = "_debug";
				SDKROOT = "macosx";
				GCC_VERSION = com.apple.compilers.llvm.clang.1_0;
				CC = "/Applications/Xcode.app/Contents/Developer/Toolchains/XcodeDefault.xctoolchain/usr/bin/clang";
				LDPLUSPLUS = "/Applications/Xcode.app/Contents/Developer/Toolchains/XcodeDefault.xctoolchain/usr/bin/clang++";
				INFOPLIST_FILE = "Info.plist";
				SYMROOT = "/Users/yinghuang/development/hy_code/SLAM/TqcSLAM/VisualOdemetry/TqcVisualOdemetry";
				DYLIB_CURRENT_VERSION = "1.0.0";
				DYLIB_COMPATIBILITY_VERSION = "1.0";
				MACOSX_DEPLOYMENT_TARGET = "10.8";
				HEADER_SEARCH_PATHS = (
					".",
					"/usr/local/include",
					"/Users/yinghuang/Qt/Examples/QGLView/libQGLViewer-2.6.4/QGLViewer/QGLViewer.framework/Headers",
					"../../../ORB_SLAM/ORB_SLAM2_for_osx/eigen-3.3-rc1",
					"../../../g2o_ba_example/g2o-master/g2o/solvers/cholmod",
					"../../../g2o_ba_example/g2o-master",
					"../../../g2o_ba_example/g2o-master/build",
					"../../../g2o_ba_example/SuiteSparse/SuiteSparse_config",
					"../../../g2o_ba_example/SuiteSparse/CHOLMOD/Include",
					"\u00ef\u00bc\u008fusr/local/include",
					"/Users/yinghuang/Qt/5.7/clang_64/lib/QtOpenGL.framework/Headers",
					"/Users/yinghuang/Qt/5.7/clang_64/lib/QtWidgets.framework/Headers",
					"/Users/yinghuang/Qt/5.7/clang_64/lib/QtGui.framework/Headers",
					"/Users/yinghuang/Qt/5.7/clang_64/lib/QtXml.framework/Headers",
					"/Users/yinghuang/Qt/5.7/clang_64/lib/QtCore.framework/Headers",
					".",
					"/Applications/Xcode.app/Contents/Developer/Platforms/MacOSX.platform/Developer/SDKs/MacOSX10.12.sdk/System/Library/Frameworks/OpenGL.framework/Headers",
					"/Applications/Xcode.app/Contents/Developer/Platforms/MacOSX.platform/Developer/SDKs/MacOSX10.12.sdk/System/Library/Frameworks/AGL.framework/Headers",
					".",
					"/Users/yinghuang/Qt/5.7/clang_64/mkspecs/macx-clang");
				LIBRARY_SEARCH_PATHS = (
					"/usr/local/lib",
					"/Users/yinghuang/Qt/Examples/QGLView/libQGLViewer-2.6.4/QGLViewer/QGLViewer.framework/Versions/2/",
					"/Users/yinghuang/Qt/Examples/QGLView/libQGLViewer-2.6.4/QGLViewer/build/Debug/QGLViewer.framework/Versions/A",
					"/Users/yinghuang/development/hy_code/SLAM/g2o_ba_example/SuiteSparse/lib",
					"/Users/yinghuang/development/hy_code/SLAM/g2o_ba_example/g2o-master/lib/Debug",
					"/Users/yinghuang/Qt/5.7/clang_64/lib",
					"/System/Library/Frameworks/");
				FRAMEWORK_SEARCH_PATHS = (
					"/Users/yinghuang/Qt/5.7/clang_64/lib",
					"/Users/yinghuang/Qt/5.7/clang_64/lib");
				OTHER_CFLAGS = (
					"-pipe",
					"-O2",
					"-Wall",
					"-W",
					"-fPIC",
					"-DQT_NO_DEBUG",
					"-DQT_OPENGL_LIB",
					"-DQT_WIDGETS_LIB",
					"-DQT_GUI_LIB",
					"-DQT_XML_LIB",
					"-DQT_CORE_LIB");
				OTHER_CPLUSPLUSFLAGS = (
					"-pipe",
					"-stdlib=libc++",
					"-O2",
					"-std=gnu++11",
					"-Wall",
					"-W",
					"-fPIC",
					"-DQT_NO_DEBUG",
					"-DQT_OPENGL_LIB",
					"-DQT_WIDGETS_LIB",
					"-DQT_GUI_LIB",
					"-DQT_XML_LIB",
					"-DQT_CORE_LIB");
				OTHER_LDFLAGS = (
						"-headerpad_max_install_names",
						"-stdlib=libc++",
						"-Wl,-rpath,/Users/yinghuang/Qt/5.7/clang_64/lib",
						"-F/Users/yinghuang/Qt/5.7/clang_64/lib",
						"-L/usr/local/lib",
						"-L/Users/yinghuang/Qt/Examples/QGLView/libQGLViewer-2.6.4/QGLViewer/QGLViewer.framework/Versions/2/",
						"-L/Users/yinghuang/development/hy_code/SLAM/g2o_ba_example/SuiteSparse/lib",
						"-L/Users/yinghuang/development/hy_code/SLAM/g2o_ba_example/g2o-master/lib/Debug");
				ARCHS = "x86_64";
			};
			name = "Debug";
		};
		77418F46922677BB04ED38DD = {
			isa = XCBuildConfiguration;
			buildSettings = {
				COPY_PHASE_STRIP = "NO";
				ENABLE_BITCODE = "NO";
				GCC_GENERATE_DEBUGGING_SYMBOLS = "YES";
				GCC_OPTIMIZATION_LEVEL = "0";
				PRODUCT_NAME = "TqcVisualOdemetry";
				QT_LIBRARY_SUFFIX = "_debug";
				SDKROOT = "macosx";
				PRODUCT_NAME = "TqcVisualOdemetry";
			};
			name = "Debug";
		};
		339EE1B2CC4FC24589A0EA95 = {
			isa = XCBuildConfiguration;
			buildSettings = {
				COPY_PHASE_STRIP = "YES";
				ENABLE_BITCODE = "NO";
				GCC_GENERATE_DEBUGGING_SYMBOLS = "NO";
				PRODUCT_NAME = "TqcVisualOdemetry";
				QT_LIBRARY_SUFFIX = "";
				SDKROOT = "macosx";
				GCC_VERSION = com.apple.compilers.llvm.clang.1_0;
				CC = "/Applications/Xcode.app/Contents/Developer/Toolchains/XcodeDefault.xctoolchain/usr/bin/clang";
				LDPLUSPLUS = "/Applications/Xcode.app/Contents/Developer/Toolchains/XcodeDefault.xctoolchain/usr/bin/clang++";
				INFOPLIST_FILE = "Info.plist";
				SYMROOT = "/Users/yinghuang/development/hy_code/SLAM/TqcSLAM/VisualOdemetry/TqcVisualOdemetry";
				DYLIB_CURRENT_VERSION = "1.0.0";
				DYLIB_COMPATIBILITY_VERSION = "1.0";
				MACOSX_DEPLOYMENT_TARGET = "10.8";
				HEADER_SEARCH_PATHS = (
					".",
					"/usr/local/include",
					"/Users/yinghuang/Qt/Examples/QGLView/libQGLViewer-2.6.4/QGLViewer/QGLViewer.framework/Headers",
					"../../../ORB_SLAM/ORB_SLAM2_for_osx/eigen-3.3-rc1",
					"../../../g2o_ba_example/g2o-master/g2o/solvers/cholmod",
					"../../../g2o_ba_example/g2o-master",
					"../../../g2o_ba_example/g2o-master/build",
					"../../../g2o_ba_example/SuiteSparse/SuiteSparse_config",
					"../../../g2o_ba_example/SuiteSparse/CHOLMOD/Include",
					"\u00ef\u00bc\u008fusr/local/include",
					"/Users/yinghuang/Qt/5.7/clang_64/lib/QtOpenGL.framework/Headers",
					"/Users/yinghuang/Qt/5.7/clang_64/lib/QtWidgets.framework/Headers",
					"/Users/yinghuang/Qt/5.7/clang_64/lib/QtGui.framework/Headers",
					"/Users/yinghuang/Qt/5.7/clang_64/lib/QtXml.framework/Headers",
					"/Users/yinghuang/Qt/5.7/clang_64/lib/QtCore.framework/Headers",
					".",
					"/Applications/Xcode.app/Contents/Developer/Platforms/MacOSX.platform/Developer/SDKs/MacOSX10.12.sdk/System/Library/Frameworks/OpenGL.framework/Headers",
					"/Applications/Xcode.app/Contents/Developer/Platforms/MacOSX.platform/Developer/SDKs/MacOSX10.12.sdk/System/Library/Frameworks/AGL.framework/Headers",
					".",
					"/Users/yinghuang/Qt/5.7/clang_64/mkspecs/macx-clang");
				LIBRARY_SEARCH_PATHS = (
					"/usr/local/lib",
					"/Users/yinghuang/Qt/Examples/QGLView/libQGLViewer-2.6.4/QGLViewer/QGLViewer.framework/Versions/2/",
					"/Users/yinghuang/Qt/Examples/QGLView/libQGLViewer-2.6.4/QGLViewer/build/Debug/QGLViewer.framework/Versions/A",
					"/Users/yinghuang/development/hy_code/SLAM/g2o_ba_example/SuiteSparse/lib",
					"/Users/yinghuang/development/hy_code/SLAM/g2o_ba_example/g2o-master/lib/Debug",
					"/Users/yinghuang/Qt/5.7/clang_64/lib",
					"/System/Library/Frameworks/");
				FRAMEWORK_SEARCH_PATHS = (
					"/Users/yinghuang/Qt/5.7/clang_64/lib",
					"/Users/yinghuang/Qt/5.7/clang_64/lib");
				OTHER_CFLAGS = (
					"-pipe",
					"-O2",
					"-Wall",
					"-W",
					"-fPIC",
					"-DQT_NO_DEBUG",
					"-DQT_OPENGL_LIB",
					"-DQT_WIDGETS_LIB",
					"-DQT_GUI_LIB",
					"-DQT_XML_LIB",
					"-DQT_CORE_LIB");
				OTHER_CPLUSPLUSFLAGS = (
					"-pipe",
					"-stdlib=libc++",
					"-O2",
					"-std=gnu++11",
					"-Wall",
					"-W",
					"-fPIC",
					"-DQT_NO_DEBUG",
					"-DQT_OPENGL_LIB",
					"-DQT_WIDGETS_LIB",
					"-DQT_GUI_LIB",
					"-DQT_XML_LIB",
					"-DQT_CORE_LIB");
				OTHER_LDFLAGS = (
						"-headerpad_max_install_names",
						"-stdlib=libc++",
						"-Wl,-rpath,/Users/yinghuang/Qt/5.7/clang_64/lib",
						"-F/Users/yinghuang/Qt/5.7/clang_64/lib",
						"-L/usr/local/lib",
						"-L/Users/yinghuang/Qt/Examples/QGLView/libQGLViewer-2.6.4/QGLViewer/QGLViewer.framework/Versions/2/",
						"-L/Users/yinghuang/development/hy_code/SLAM/g2o_ba_example/SuiteSparse/lib",
						"-L/Users/yinghuang/development/hy_code/SLAM/g2o_ba_example/g2o-master/lib/Debug");
				ARCHS = "x86_64";
			};
			name = "Release";
		};
		6666AA5E688052234F6758D8 = {
			isa = XCBuildConfiguration;
			buildSettings = {
				COPY_PHASE_STRIP = "YES";
				ENABLE_BITCODE = "NO";
				GCC_GENERATE_DEBUGGING_SYMBOLS = "NO";
				PRODUCT_NAME = "TqcVisualOdemetry";
				QT_LIBRARY_SUFFIX = "";
				SDKROOT = "macosx";
				PRODUCT_NAME = "TqcVisualOdemetry";
			};
			name = "Release";
		};
		DAC4C1AA5EDEA1C85E9CA5E6 = {
			isa = XCConfigurationList;
			buildConfigurations = (
				"3AA6C32AC930069E80220CF1",
				"339EE1B2CC4FC24589A0EA95");
			defaultConfigurationIsVisible = 0;
			defaultConfigurationName = "Release";
		};
		6CC3B5D2136C7CD6A5CF5A59 = {
			isa = XCConfigurationList;
			buildConfigurations = (
				"77418F46922677BB04ED38DD",
				"6666AA5E688052234F6758D8");
			defaultConfigurationIsVisible = 0;
			defaultConfigurationName = "Release";
		};
		6DB9C3763D02B1415CD9D565 = {
			hasScannedForEncodings = 1;
			compatibilityVersion = "Xcode 3.2";
			isa = PBXProject;
			mainGroup = "E8C543AB96796ECAA2E65C57";
			productRefGroup = "FE0A091FDBFB3E9C31B7A1BD";
			buildConfigurationList = "DAC4C1AA5EDEA1C85E9CA5E6";
			projectDirPath = "";
			projectRoot = "";
			targets = (
				"C0BB8C2EC5720476A59F8FC8",
				"76A62651F9AE8640EA53E078");
			attributes = {
				TargetAttributes = {
				};
			};
		};
	};
	rootObject = "6DB9C3763D02B1415CD9D565";
}
